
Microsoft Visual Studio Solution File, Format Version 12.00
# Visual Studio Version 17
VisualStudioVersion = 17.7.34003.232
MinimumVisualStudioVersion = 10.0.40219.1
Project("{FAE04EC0-301F-11D3-BF4B-00C04F79EFBC}") = "D3", "D3\D3.csproj", "{4C1F82B8-B5B9-41D5-B412-002E32031354}"
EndProject
Global
	GlobalSection(SolutionConfigurationPlatforms) = preSolution
		Debug|Any CPU = Debug|Any CPU
		Release|Any CPU = Release|Any CPU
	EndGlobalSection
	GlobalSection(ProjectConfigurationPlatforms) = postSolution
		{4C1F82B8-B5B9-41D5-B412-002E32031354}.Debug|Any CPU.ActiveCfg = Debug|Any CPU
		{4C1F82B8-B5B9-41D5-B412-002E32031354}.Debug|Any CPU.Build.0 = Debug|Any CPU
		{4C1F82B8-B5B9-41D5-B412-002E32031354}.Release|Any CPU.ActiveCfg = Release|Any CPU
		{4C1F82B8-B5B9-41D5-B412-002E32031354}.Release|Any CPU.Build.0 = Release|Any CPU
	EndGlobalSection
	GlobalSection(SolutionProperties) = preSolution
		HideSolutionNode = FALSE
	EndGlobalSection
	GlobalSection(ExtensibilityGlobals) = postSolution
		SolutionGuid = {30C5D41D-70C7-413D-9B9D-8C34BD8F759A}
	EndGlobalSection
EndGlobal
